Microsoft Visual Studio Solution File, Format Version 12.00
# Visual Studio Version 17
VisualStudioVersion = 17.5.2.0
MinimumVisualStudioVersion = 10.0.40219.1
Project("{FAE04EC0-301F-11D3-BF4B-00C04F79EFBC}") = "DataMahasiswa", "DataMahasiswa\DataMahasiswa.csproj", "{3CF0EF53-578F-1578-4C7A-05B0985E8615}"
EndProject
Global
	GlobalSection(SolutionConfigurationPlatforms) = preSolution
		Debug|Any CPU = Debug|Any CPU
		Release|Any CPU = Release|Any CPU
	EndGlobalSection
	GlobalSection(ProjectConfigurationPlatforms) = postSolution
		{3CF0EF53-578F-1578-4C7A-05B0985E8615}.Debug|Any CPU.ActiveCfg = Debug|Any CPU
		{3CF0EF53-578F-1578-4C7A-05B0985E8615}.Debug|Any CPU.Build.0 = Debug|Any CPU
		{3CF0EF53-578F-1578-4C7A-05B0985E8615}.Release|Any CPU.ActiveCfg = Release|Any CPU
		{3CF0EF53-578F-1578-4C7A-05B0985E8615}.Release|Any CPU.Build.0 = Release|Any CPU
	EndGlobalSection
	GlobalSection(SolutionProperties) = preSolution
		HideSolutionNode = FALSE
	EndGlobalSection
	GlobalSection(ExtensibilityGlobals) = postSolution
		SolutionGuid = {062C59B3-0B2B-4D36-9D0F-D58D3E11C294}
	EndGlobalSection
EndGlobal
